
Microsoft Visual Studio Solution File, Format Version 12.00
# Visual Studio Version 17
VisualStudioVersion = 17.3.32901.215
MinimumVisualStudioVersion = 10.0.40219.1
Project("{FAE04EC0-301F-11D3-BF4B-00C04F79EFBC}") = "film_uygulama-1473", "film_uygulama-1473\film_uygulama-1473.csproj", "{EA69B7CF-431F-4722-8E43-F3DA02BA0EC2}"
EndProject
Global
	GlobalSection(SolutionConfigurationPlatforms) = preSolution
		Debug|Any CPU = Debug|Any CPU
		Release|Any CPU = Release|Any CPU
	EndGlobalSection
	GlobalSection(ProjectConfigurationPlatforms) = postSolution
		{EA69B7CF-431F-4722-8E43-F3DA02BA0EC2}.Debug|Any CPU.ActiveCfg = Debug|Any CPU
		{EA69B7CF-431F-4722-8E43-F3DA02BA0EC2}.Debug|Any CPU.Build.0 = Debug|Any CPU
		{EA69B7CF-431F-4722-8E43-F3DA02BA0EC2}.Release|Any CPU.ActiveCfg = Release|Any CPU
		{EA69B7CF-431F-4722-8E43-F3DA02BA0EC2}.Release|Any CPU.Build.0 = Release|Any CPU
	EndGlobalSection
	GlobalSection(SolutionProperties) = preSolution
		HideSolutionNode = FALSE
	EndGlobalSection
	GlobalSection(ExtensibilityGlobals) = postSolution
		SolutionGuid = {4F8423D9-80AB-4470-B064-3DEFDA261702}
	EndGlobalSection
EndGlobal
